{
  "name": "wa-autoresposta",
  "version": "1.0.0",
  "lockfileVersion": 3,
  "requires": true,
  "packages": {
    "": {
      "name": "wa-autoresposta",
      "version": "1.0.0",
      "license": "MIT",
      "dependencies": {
        "wa-autoresposta": "github:pgshift006-maker/wa-autoresposta"
      },
      "engines": {
        "node": ">=18.0.0"
      }
    },
    "node_modules/wa-autoresposta": {
      "version": "1.0.0",
      "resolved": "git+ssh://git@github.com/pgshift006-maker/wa-autoresposta.git#c94a9cb828f979ea69b4f1e09c457e81c4ad04fe",
      "license": "MIT",
      "engines": {
        "node": ">=18.0.0"
      }
    }
  }
}
